Microsoft Visual Studio Solution File, Format Version 12.00
# Visual Studio Version 17
VisualStudioVersion = 17.5.2.0
MinimumVisualStudioVersion = 10.0.40219.1
Project("{2150E333-8FDC-42A3-9474-1A3956D46DE8}") = "src", "src", "{827E0CD3-B72D-47B6-A68D-7590B98EB39B}"
EndProject
Project("{FAE04EC0-301F-11D3-BF4B-00C04F79EFBC}") = "samplefe", "src\samplefe\samplefe.csproj", "{D3FD2699-AFC9-DDCD-605E-0A8A3DFF37E8}"
EndProject
Project("{FAE04EC0-301F-11D3-BF4B-00C04F79EFBC}") = "Api", "src\sampleapi\Api.csproj", "{A1442702-B6E4-858F-930E-BF41BA7DDC59}"
EndProject
Global
	GlobalSection(SolutionConfigurationPlatforms) = preSolution
		Debug|Any CPU = Debug|Any CPU
		Release|Any CPU = Release|Any CPU
	EndGlobalSection
	GlobalSection(ProjectConfigurationPlatforms) = postSolution
		{D3FD2699-AFC9-DDCD-605E-0A8A3DFF37E8}.Debug|Any CPU.ActiveCfg = Debug|Any CPU
		{D3FD2699-AFC9-DDCD-605E-0A8A3DFF37E8}.Debug|Any CPU.Build.0 = Debug|Any CPU
		{D3FD2699-AFC9-DDCD-605E-0A8A3DFF37E8}.Release|Any CPU.ActiveCfg = Release|Any CPU
		{D3FD2699-AFC9-DDCD-605E-0A8A3DFF37E8}.Release|Any CPU.Build.0 = Release|Any CPU
		{A1442702-B6E4-858F-930E-BF41BA7DDC59}.Debug|Any CPU.ActiveCfg = Debug|Any CPU
		{A1442702-B6E4-858F-930E-BF41BA7DDC59}.Debug|Any CPU.Build.0 = Debug|Any CPU
		{A1442702-B6E4-858F-930E-BF41BA7DDC59}.Release|Any CPU.ActiveCfg = Release|Any CPU
		{A1442702-B6E4-858F-930E-BF41BA7DDC59}.Release|Any CPU.Build.0 = Release|Any CPU
	EndGlobalSection
	GlobalSection(SolutionProperties) = preSolution
		HideSolutionNode = FALSE
	EndGlobalSection
	GlobalSection(NestedProjects) = preSolution
		{D3FD2699-AFC9-DDCD-605E-0A8A3DFF37E8} = {827E0CD3-B72D-47B6-A68D-7590B98EB39B}
		{A1442702-B6E4-858F-930E-BF41BA7DDC59} = {827E0CD3-B72D-47B6-A68D-7590B98EB39B}
	EndGlobalSection
	GlobalSection(ExtensibilityGlobals) = postSolution
		SolutionGuid = {D61C9A31-C596-418E-9CFE-810844EDC0CD}
	EndGlobalSection
EndGlobal
